
Microsoft Visual Studio Solution File, Format Version 12.00
# Visual Studio Version 17
VisualStudioVersion = 17.8.35827.206
MinimumVisualStudioVersion = 10.0.40219.1
Project("{8BC9CEB8-8B4A-11D0-8D11-00A0C91BC942}") = "WeakPtrExample", "WeakPtrExample\WeakPtrExample.vcxproj", "{C9052C70-7EE8-4AA6-AC56-EE6BC7DD05D2}"
EndProject
Global
	GlobalSection(SolutionConfigurationPlatforms) = preSolution
		Debug|x64 = Debug|x64
		Debug|x86 = Debug|x86
		Release|x64 = Release|x64
		Release|x86 = Release|x86
	EndGlobalSection
	GlobalSection(ProjectConfigurationPlatforms) = postSolution
		{C9052C70-7EE8-4AA6-AC56-EE6BC7DD05D2}.Debug|x64.ActiveCfg = Debug|x64
		{C9052C70-7EE8-4AA6-AC56-EE6BC7DD05D2}.Debug|x64.Build.0 = Debug|x64
		{C9052C70-7EE8-4AA6-AC56-EE6BC7DD05D2}.Debug|x86.ActiveCfg = Debug|Win32
		{C9052C70-7EE8-4AA6-AC56-EE6BC7DD05D2}.Debug|x86.Build.0 = Debug|Win32
		{C9052C70-7EE8-4AA6-AC56-EE6BC7DD05D2}.Release|x64.ActiveCfg = Release|x64
		{C9052C70-7EE8-4AA6-AC56-EE6BC7DD05D2}.Release|x64.Build.0 = Release|x64
		{C9052C70-7EE8-4AA6-AC56-EE6BC7DD05D2}.Release|x86.ActiveCfg = Release|Win32
		{C9052C70-7EE8-4AA6-AC56-EE6BC7DD05D2}.Release|x86.Build.0 = Release|Win32
	EndGlobalSection
	GlobalSection(SolutionProperties) = preSolution
		HideSolutionNode = FALSE
	EndGlobalSection
	GlobalSection(ExtensibilityGlobals) = postSolution
		SolutionGuid = {4358144A-8E03-4A21-B475-3E51122B8B49}
	EndGlobalSection
EndGlobal
